
Microsoft Visual Studio Solution File, Format Version 12.00
# Visual Studio 14
VisualStudioVersion = 14.0.24720.0
MinimumVisualStudioVersion = 10.0.40219.1
Project("{FAE04EC0-301F-11D3-BF4B-00C04F79EFBC}") = "Common.SAML", "Common.SAML\Common.SAML.csproj", "{C3D1C2EC-CE04-429B-BF0C-ABCB2C7ABD5E}"
EndProject
Project("{FAE04EC0-301F-11D3-BF4B-00C04F79EFBC}") = "ClaveOwinAuth", "ClaveOwinAuth\ClaveOwinAuth.csproj", "{C588F874-AB6D-44FB-8582-8F5903E61C2C}"
EndProject
Project("{FAE04EC0-301F-11D3-BF4B-00C04F79EFBC}") = "ClaveSampleMvcApp", "ClaveSampleMvcApp\ClaveSampleMvcApp.csproj", "{2B6A32DB-6136-4A3C-B5E1-36129EE3AB4F}"
EndProject
Project("{FAE04EC0-301F-11D3-BF4B-00C04F79EFBC}") = "NuGet.Packager", "NuGet.Packager\NuGet.Packager.csproj", "{0451BAEF-DF2E-4B98-8644-94EE9415E389}"
EndProject
Global
	GlobalSection(SolutionConfigurationPlatforms) = preSolution
		Debug|Any CPU = Debug|Any CPU
		Release|Any CPU = Release|Any CPU
	EndGlobalSection
	GlobalSection(ProjectConfigurationPlatforms) = postSolution
		{C3D1C2EC-CE04-429B-BF0C-ABCB2C7ABD5E}.Debug|Any CPU.ActiveCfg = Debug|Any CPU
		{C3D1C2EC-CE04-429B-BF0C-ABCB2C7ABD5E}.Debug|Any CPU.Build.0 = Debug|Any CPU
		{C3D1C2EC-CE04-429B-BF0C-ABCB2C7ABD5E}.Release|Any CPU.ActiveCfg = Release|Any CPU
		{C3D1C2EC-CE04-429B-BF0C-ABCB2C7ABD5E}.Release|Any CPU.Build.0 = Release|Any CPU
		{C588F874-AB6D-44FB-8582-8F5903E61C2C}.Debug|Any CPU.ActiveCfg = Debug|Any CPU
		{C588F874-AB6D-44FB-8582-8F5903E61C2C}.Debug|Any CPU.Build.0 = Debug|Any CPU
		{C588F874-AB6D-44FB-8582-8F5903E61C2C}.Release|Any CPU.ActiveCfg = Release|Any CPU
		{C588F874-AB6D-44FB-8582-8F5903E61C2C}.Release|Any CPU.Build.0 = Release|Any CPU
		{2B6A32DB-6136-4A3C-B5E1-36129EE3AB4F}.Debug|Any CPU.ActiveCfg = Debug|Any CPU
		{2B6A32DB-6136-4A3C-B5E1-36129EE3AB4F}.Debug|Any CPU.Build.0 = Debug|Any CPU
		{2B6A32DB-6136-4A3C-B5E1-36129EE3AB4F}.Release|Any CPU.ActiveCfg = Release|Any CPU
		{2B6A32DB-6136-4A3C-B5E1-36129EE3AB4F}.Release|Any CPU.Build.0 = Release|Any CPU
		{0451BAEF-DF2E-4B98-8644-94EE9415E389}.Debug|Any CPU.ActiveCfg = Debug|Any CPU
		{0451BAEF-DF2E-4B98-8644-94EE9415E389}.Debug|Any CPU.Build.0 = Debug|Any CPU
		{0451BAEF-DF2E-4B98-8644-94EE9415E389}.Release|Any CPU.ActiveCfg = Release|Any CPU
		{0451BAEF-DF2E-4B98-8644-94EE9415E389}.Release|Any CPU.Build.0 = Release|Any CPU
	EndGlobalSection
	GlobalSection(SolutionProperties) = preSolution
		HideSolutionNode = FALSE
	EndGlobalSection
EndGlobal
